
Microsoft Visual Studio Solution File, Format Version 12.00
# Visual Studio Version 16
VisualStudioVersion = 25.0.1703.8
MinimumVisualStudioVersion = 10.0.40219.1
Project("{FAE04EC0-301F-11D3-BF4B-00C04F79EFBC}") = "Shapes", "Shapes.csproj", "{BA2A2D74-6E35-4206-8646-4E907D7A599D}"
EndProject
Global
	GlobalSection(SolutionConfigurationPlatforms) = preSolution
		Debug|Any CPU = Debug|Any CPU
		Release|Any CPU = Release|Any CPU
	EndGlobalSection
	GlobalSection(ProjectConfigurationPlatforms) = postSolution
		{BA2A2D74-6E35-4206-8646-4E907D7A599D}.Debug|Any CPU.ActiveCfg = Debug|Any CPU
		{BA2A2D74-6E35-4206-8646-4E907D7A599D}.Debug|Any CPU.Build.0 = Debug|Any CPU
		{BA2A2D74-6E35-4206-8646-4E907D7A599D}.Release|Any CPU.ActiveCfg = Release|Any CPU
		{BA2A2D74-6E35-4206-8646-4E907D7A599D}.Release|Any CPU.Build.0 = Release|Any CPU
	EndGlobalSection
	GlobalSection(SolutionProperties) = preSolution
		HideSolutionNode = FALSE
	EndGlobalSection
	GlobalSection(ExtensibilityGlobals) = postSolution
		SolutionGuid = {8653E427-54C8-417F-8C5C-A339F8C06BED}
	EndGlobalSection
EndGlobal
